
Microsoft Visual Studio Solution File, Format Version 12.00
# Visual Studio 15
Project("{FAE04EC0-301F-11D3-BF4B-00C04F79EFBC}") = "MvcCore", "MvcCore\MvcCore.csproj", "{910D1CC2-48EF-4824-8B83-D13741EAD659}"
EndProject
Global
	GlobalSection(SolutionConfigurationPlatforms) = preSolution
		Debug|Any CPU = Debug|Any CPU
		Release|Any CPU = Release|Any CPU
	EndGlobalSection
	GlobalSection(ProjectConfigurationPlatforms) = postSolution
		{910D1CC2-48EF-4824-8B83-D13741EAD659}.Debug|Any CPU.ActiveCfg = Debug|Any CPU
		{910D1CC2-48EF-4824-8B83-D13741EAD659}.Debug|Any CPU.Build.0 = Debug|Any CPU
		{910D1CC2-48EF-4824-8B83-D13741EAD659}.Release|Any CPU.ActiveCfg = Release|Any CPU
		{910D1CC2-48EF-4824-8B83-D13741EAD659}.Release|Any CPU.Build.0 = Release|Any CPU
	EndGlobalSection
EndGlobal
